
Microsoft Visual Studio Solution File, Format Version 12.00
# Visual Studio Version 17
VisualStudioVersion = 17.2.32802.462
MinimumVisualStudioVersion = 10.0.40219.1
Project("{FAE04EC0-301F-11D3-BF4B-00C04F79EFBC}") = "JDI3CJ_utolso_ZH", "JDI3CJ_utolso_ZH\JDI3CJ_utolso_ZH.csproj", "{4C7ECEEF-2FBA-4A6F-9089-ED80E71DB96D}"
EndProject
Global
	GlobalSection(SolutionConfigurationPlatforms) = preSolution
		Debug|Any CPU = Debug|Any CPU
		Release|Any CPU = Release|Any CPU
	EndGlobalSection
	GlobalSection(ProjectConfigurationPlatforms) = postSolution
		{4C7ECEEF-2FBA-4A6F-9089-ED80E71DB96D}.Debug|Any CPU.ActiveCfg = Debug|Any CPU
		{4C7ECEEF-2FBA-4A6F-9089-ED80E71DB96D}.Debug|Any CPU.Build.0 = Debug|Any CPU
		{4C7ECEEF-2FBA-4A6F-9089-ED80E71DB96D}.Release|Any CPU.ActiveCfg = Release|Any CPU
		{4C7ECEEF-2FBA-4A6F-9089-ED80E71DB96D}.Release|Any CPU.Build.0 = Release|Any CPU
	EndGlobalSection
	GlobalSection(SolutionProperties) = preSolution
		HideSolutionNode = FALSE
	EndGlobalSection
	GlobalSection(ExtensibilityGlobals) = postSolution
		SolutionGuid = {6E4865A5-9D9D-4370-9F34-6555400AAFA5}
	EndGlobalSection
EndGlobal
